
Microsoft Visual Studio Solution File, Format Version 12.00
# Visual Studio Version 17
VisualStudioVersion = 17.2.32526.322
MinimumVisualStudioVersion = 10.0.40219.1
Project("{9A19103F-16F7-4668-BE54-9A1E7A4F7556}") = "AplikacjaInzynierska", "AplikacjaInzynierska\AplikacjaInzynierska.csproj", "{C980DD73-4A38-4C69-8085-C9F4EBF8773C}"
EndProject
Global
	GlobalSection(SolutionConfigurationPlatforms) = preSolution
		Debug|Any CPU = Debug|Any CPU
		Release|Any CPU = Release|Any CPU
	EndGlobalSection
	GlobalSection(ProjectConfigurationPlatforms) = postSolution
		{C980DD73-4A38-4C69-8085-C9F4EBF8773C}.Debug|Any CPU.ActiveCfg = Debug|Any CPU
		{C980DD73-4A38-4C69-8085-C9F4EBF8773C}.Debug|Any CPU.Build.0 = Debug|Any CPU
		{C980DD73-4A38-4C69-8085-C9F4EBF8773C}.Release|Any CPU.ActiveCfg = Release|Any CPU
		{C980DD73-4A38-4C69-8085-C9F4EBF8773C}.Release|Any CPU.Build.0 = Release|Any CPU
	EndGlobalSection
	GlobalSection(SolutionProperties) = preSolution
		HideSolutionNode = FALSE
	EndGlobalSection
	GlobalSection(ExtensibilityGlobals) = postSolution
		SolutionGuid = {504B2E40-94D2-4C8D-96F5-6753AC1FE9EB}
	EndGlobalSection
EndGlobal
